// !$*UTF8*$!
{
	archiveVersion = 1;
	classes = {
	};
	objectVersion = 46;
	objects = {

/* Begin PBXBuildFile section */
		6D0AD0C41C7E8C3900F0FA02 /* main.m in Sources */ = {isa = PBXBuildFile; fileRef = 6D0AD0C31C7E8C3900F0FA02 /* main.m */; };
		6D0AD0C71C7E8C3900F0FA02 /* AppDelegate.m in Sources */ = {isa = PBXBuildFile; fileRef = 6D0AD0C61C7E8C3900F0FA02 /* AppDelegate.m */; };
		6D0AD0CA1C7E8C3900F0FA02 /* ViewController.m in Sources */ = {isa = PBXBuildFile; fileRef = 6D0AD0C91C7E8C3900F0FA02 /* ViewController.m */; };
		6D0AD0CD1C7E8C3900F0FA02 /* Main.storyboard in Resources */ = {isa = PBXBuildFile; fileRef = 6D0AD0CB1C7E8C3900F0FA02 /* Main.storyboard */; };
		6D0AD0CF1C7E8C3900F0FA02 /* Assets.xcassets in Resources */ = {isa = PBXBuildFile; fileRef = 6D0AD0CE1C7E8C3900F0FA02 /* Assets.xcassets */; };
		6D0AD0D21C7E8C3900F0FA02 /* LaunchScreen.storyboard in Resources */ = {isa = PBXBuildFile; fileRef = 6D0AD0D01C7E8C3900F0FA02 /* LaunchScreen.storyboard */; };
		6D0AD0DD1C7E8C3A00F0FA02 /* PageViewTests.m in Sources */ = {isa = PBXBuildFile; fileRef = 6D0AD0DC1C7E8C3A00F0FA02 /* PageViewTests.m */; };
		6D0AD0E81C7E8C3A00F0FA02 /* PageViewUITests.m in Sources */ = {isa = PBXBuildFile; fileRef = 6D0AD0E71C7E8C3A00F0FA02 /* PageViewUITests.m */; };
		6D0AD0F71C7E8ECE00F0FA02 /* PageContentViewController.m in Sources */ = {isa = PBXBuildFile; fileRef = 6D0AD0F61C7E8ECE00F0FA02 /* PageContentViewController.m */; };
/* End PBXBuildFile section */

/* Begin PBXContainerItemProxy section */
		6D0AD0D91C7E8C3A00F0FA02 /* PBXContainerItemProxy */ = {
			isa = PBXContainerItemProxy;
			containerPortal = 6D0AD0B71C7E8C3800F0FA02 /* Project object */;
			proxyType = 1;
			remoteGlobalIDString = 6D0AD0BE1C7E8C3900F0FA02;
			remoteInfo = PageView;
		};
		6D0AD0E41C7E8C3A00F0FA02 /* PBXContainerItemProxy */ = {
			isa = PBXContainerItemProxy;
			containerPortal = 6D0AD0B71C7E8C3800F0FA02 /* Project object */;
			proxyType = 1;
			remoteGlobalIDString = 6D0AD0BE1C7E8C3900F0FA02;
			remoteInfo = PageView;
		};
/* End PBXContainerItemProxy section */

/* Begin PBXFileReference section */
		6D0AD0BF1C7E8C3900F0FA02 /* PageView.app */ = {isa = PBXFileReference; explicitFileType = wrapper.application; includeInIndex = 0; path = PageView.app; sourceTree = BUILT_PRODUCTS_DIR; };
		6D0AD0C31C7E8C3900F0FA02 /* main.m */ = {isa = PBXFileReference; lastKnownFileType = sourcecode.c.objc; path = main.m; sourceTree = "<group>"; };
		6D0AD0C51C7E8C3900F0FA02 /* AppDelegate.h */ = {isa = PBXFileReference; lastKnownFileType = sourcecode.c.h; path = AppDelegate.h; sourceTree = "<group>"; };
		6D0AD0C61C7E8C3900F0FA02 /* AppDelegate.m */ = {isa = PBXFileReference; lastKnownFileType = sourcecode.c.objc; path = AppDelegate.m; sourceTree = "<group>"; };
		6D0AD0C81C7E8C3900F0FA02 /* ViewController.h */ = {isa = PBXFileReference; lastKnownFileType = sourcecode.c.h; path = ViewController.h; sourceTree = "<group>"; };
		6D0AD0C91C7E8C3900F0FA02 /* ViewController.m */ = {isa = PBXFileReference; lastKnownFileType = sourcecode.c.objc; path = ViewController.m; sourceTree = "<group>"; };
		6D0AD0CC1C7E8C3900F0FA02 /* Base */ = {isa = PBXFileReference; lastKnownFileType = file.storyboard; name = Base; path = Base.lproj/Main.storyboard; sourceTree = "<group>"; };
		6D0AD0CE1C7E8C3900F0FA02 /* Assets.xcassets */ = {isa = PBXFileReference; lastKnownFileType = folder.assetcatalog; path = Assets.xcassets; sourceTree = "<group>"; };
		6D0AD0D11C7E8C3900F0FA02 /* Base */ = {isa = PBXFileReference; lastKnownFileType = file.storyboard; name = Base; path = Base.lproj/LaunchScreen.storyboard; sourceTree = "<group>"; };
		6D0AD0D31C7E8C3900F0FA02 /* Info.plist */ = {isa = PBXFileReference; lastKnownFileType = text.plist.xml; path = Info.plist; sourceTree = "<group>"; };
		6D0AD0D81C7E8C3A00F0FA02 /* PageViewTests.xctest */ = {isa = PBXFileReference; explicitFileType = wrapper.cfbundle; includeInIndex = 0; path = PageViewTests.xctest; sourceTree = BUILT_PRODUCTS_DIR; };
		6D0AD0DC1C7E8C3A00F0FA02 /* PageViewTests.m */ = {isa = PBXFileReference; lastKnownFileType = sourcecode.c.objc; path = PageViewTests.m; sourceTree = "<group>"; };
		6D0AD0DE1C7E8C3A00F0FA02 /* Info.plist */ = {isa = PBXFileReference; lastKnownFileType = text.plist.xml; path = Info.plist; sourceTree = "<group>"; };
		6D0AD0E31C7E8C3A00F0FA02 /* PageViewUITests.xctest */ = {isa = PBXFileReference; explicitFileType = wrapper.cfbundle; includeInIndex = 0; path = PageViewUITests.xctest; sourceTree = BUILT_PRODUCTS_DIR; };
		6D0AD0E71C7E8C3A00F0FA02 /* PageViewUITests.m */ = {isa = PBXFileReference; lastKnownFileType = sourcecode.c.objc; path = PageViewUITests.m; sourceTree = "<group>"; };
		6D0AD0E91C7E8C3A00F0FA02 /* Info.plist */ = {isa = PBXFileReference; lastKnownFileType = text.plist.xml; path = Info.plist; sourceTree = "<group>"; };
		6D0AD0F51C7E8ECE00F0FA02 /* PageContentViewController.h */ = {isa = PBXFileReference; fileEncoding = 4; lastKnownFileType = sourcecode.c.h; path = PageContentViewController.h; sourceTree = "<group>"; };
		6D0AD0F61C7E8ECE00F0FA02 /* PageContentViewController.m */ = {isa = PBXFileReference; fileEncoding = 4; lastKnownFileType = sourcecode.c.objc; path = PageContentViewController.m; sourceTree = "<group>"; };
/* End PBXFileReference section */

/* Begin PBXFrameworksBuildPhase section */
		6D0AD0BC1C7E8C3900F0FA02 /* Frameworks */ = {
			isa = PBXFrameworksBuildPhase;
			buildActionMask = 2147483647;
			files = (
			);
			runOnlyForDeploymentPostprocessing = 0;
		};
		6D0AD0D51C7E8C3A00F0FA02 /* Frameworks */ = {
			isa = PBXFrameworksBuildPhase;
			buildActionMask = 2147483647;
			files = (
			);
			runOnlyForDeploymentPostprocessing = 0;
		};
		6D0AD0E01C7E8C3A00F0FA02 /* Frameworks */ = {
			isa = PBXFrameworksBuildPhase;
			buildActionMask = 2147483647;
			files = (
			);
			runOnlyForDeploymentPostprocessing = 0;
		};
/* End PBXFrameworksBuildPhase section */

/* Begin PBXGroup section */
		6D0AD0B61C7E8C3800F0FA02 = {
			isa = PBXGroup;
			children = (
				6D0AD0C11C7E8C3900F0FA02 /* PageView */,
				6D0AD0DB1C7E8C3A00F0FA02 /* PageViewTests */,
				6D0AD0E61C7E8C3A00F0FA02 /* PageViewUITests */,
				6D0AD0C01C7E8C3900F0FA02 /* Products */,
			);
			sourceTree = "<group>";
		};
		6D0AD0C01C7E8C3900F0FA02 /* Products */ = {
			isa = PBXGroup;
			children = (
				6D0AD0BF1C7E8C3900F0FA02 /* PageView.app */,
				6D0AD0D81C7E8C3A00F0FA02 /* PageViewTests.xctest */,
				6D0AD0E31C7E8C3A00F0FA02 /* PageViewUITests.xctest */,
			);
			name = Products;
			sourceTree = "<group>";
		};
		6D0AD0C11C7E8C3900F0FA02 /* PageView */ = {
			isa = PBXGroup;
			children = (
				6D0AD0C51C7E8C3900F0FA02 /* AppDelegate.h */,
				6D0AD0C61C7E8C3900F0FA02 /* AppDelegate.m */,
				6D0AD0C81C7E8C3900F0FA02 /* ViewController.h */,
				6D0AD0C91C7E8C3900F0FA02 /* ViewController.m */,
				6D0AD0F51C7E8ECE00F0FA02 /* PageContentViewController.h */,
				6D0AD0F61C7E8ECE00F0FA02 /* PageContentViewController.m */,
				6D0AD0CB1C7E8C3900F0FA02 /* Main.storyboard */,
				6D0AD0CE1C7E8C3900F0FA02 /* Assets.xcassets */,
				6D0AD0D01C7E8C3900F0FA02 /* LaunchScreen.storyboard */,
				6D0AD0D31C7E8C3900F0FA02 /* Info.plist */,
				6D0AD0C21C7E8C3900F0FA02 /* Supporting Files */,
			);
			path = PageView;
			sourceTree = "<group>";
		};
		6D0AD0C21C7E8C3900F0FA02 /* Supporting Files */ = {
			isa = PBXGroup;
			children = (
				6D0AD0C31C7E8C3900F0FA02 /* main.m */,
			);
			name = "Supporting Files";
			sourceTree = "<group>";
		};
		6D0AD0DB1C7E8C3A00F0FA02 /* PageViewTests */ = {
			isa = PBXGroup;
			children = (
				6D0AD0DC1C7E8C3A00F0FA02 /* PageViewTests.m */,
				6D0AD0DE1C7E8C3A00F0FA02 /* Info.plist */,
			);
			path = PageViewTests;
			sourceTree = "<group>";
		};
		6D0AD0E61C7E8C3A00F0FA02 /* PageViewUITests */ = {
			isa = PBXGroup;
			children = (
				6D0AD0E71C7E8C3A00F0FA02 /* PageViewUITests.m */,
				6D0AD0E91C7E8C3A00F0FA02 /* Info.plist */,
			);
			path = PageViewUITests;
			sourceTree = "<group>";
		};
/* End PBXGroup section */

/* Begin PBXNativeTarget section */
		6D0AD0BE1C7E8C3900F0FA02 /* PageView */ = {
			isa = PBXNativeTarget;
			buildConfigurationList = 6D0AD0EC1C7E8C3A00F0FA02 /* Build configuration list for PBXNativeTarget "PageView" */;
			buildPhases = (
				6D0AD0BB1C7E8C3900F0FA02 /* Sources */,
				6D0AD0BC1C7E8C3900F0FA02 /* Frameworks */,
				6D0AD0BD1C7E8C3900F0FA02 /* Resources */,
			);
			buildRules = (
			);
			dependencies = (
			);
			name = PageView;
			productName = PageView;
			productReference = 6D0AD0BF1C7E8C3900F0FA02 /* PageView.app */;
			productType = "com.apple.product-type.application";
		};
		6D0AD0D71C7E8C3A00F0FA02 /* PageViewTests */ = {
			isa = PBXNativeTarget;
			buildConfigurationList = 6D0AD0EF1C7E8C3A00F0FA02 /* Build configuration list for PBXNativeTarget "PageViewTests" */;
			buildPhases = (
				6D0AD0D41C7E8C3A00F0FA02 /* Sources */,
				6D0AD0D51C7E8C3A00F0FA02 /* Frameworks */,
				6D0AD0D61C7E8C3A00F0FA02 /* Resources */,
			);
			buildRules = (
			);
			dependencies = (
				6D0AD0DA1C7E8C3A00F0FA02 /* PBXTargetDependency */,
			);
			name = PageViewTests;
			productName = PageViewTests;
			productReference = 6D0AD0D81C7E8C3A00F0FA02 /* PageViewTests.xctest */;
			productType = "com.apple.product-type.bundle.unit-test";
		};
		6D0AD0E21C7E8C3A00F0FA02 /* PageViewUITests */ = {
			isa = PBXNativeTarget;
			buildConfigurationList = 6D0AD0F21C7E8C3A00F0FA02 /* Build configuration list for PBXNativeTarget "PageViewUITests" */;
			buildPhases = (
				6D0AD0DF1C7E8C3A00F0FA02 /* Sources */,
				6D0AD0E01C7E8C3A00F0FA02 /* Frameworks */,
				6D0AD0E11C7E8C3A00F0FA02 /* Resources */,
			);
			buildRules = (
			);
			dependencies = (
				6D0AD0E51C7E8C3A00F0FA02 /* PBXTargetDependency */,
			);
			name = PageViewUITests;
			productName = PageViewUITests;
			productReference = 6D0AD0E31C7E8C3A00F0FA02 /* PageViewUITests.xctest */;
			productType = "com.apple.product-type.bundle.ui-testing";
		};
/* End PBXNativeTarget section */

/* Begin PBXProject section */
		6D0AD0B71C7E8C3800F0FA02 /* Project object */ = {
			isa = PBXProject;
			attributes = {
				LastUpgradeCheck = 0720;
				ORGANIZATIONNAME = "Xiulan Shi";
				TargetAttributes = {
					6D0AD0BE1C7E8C3900F0FA02 = {
						CreatedOnToolsVersion = 7.2.1;
					};
					6D0AD0D71C7E8C3A00F0FA02 = {
						CreatedOnToolsVersion = 7.2.1;
						TestTargetID = 6D0AD0BE1C7E8C3900F0FA02;
					};
					6D0AD0E21C7E8C3A00F0FA02 = {
						CreatedOnToolsVersion = 7.2.1;
						TestTargetID = 6D0AD0BE1C7E8C3900F0FA02;
					};
				};
			};
			buildConfigurationList = 6D0AD0BA1C7E8C3900F0FA02 /* Build configuration list for PBXProject "PageView" */;
			compatibilityVersion = "Xcode 3.2";
			developmentRegion = English;
			hasScannedForEncodings = 0;
			knownRegions = (
				en,
				Base,
			);
			mainGroup = 6D0AD0B61C7E8C3800F0FA02;
			productRefGroup = 6D0AD0C01C7E8C3900F0FA02 /* Products */;
			projectDirPath = "";
			projectRoot = "";
			targets = (
				6D0AD0BE1C7E8C3900F0FA02 /* PageView */,
				6D0AD0D71C7E8C3A00F0FA02 /* PageViewTests */,
				6D0AD0E21C7E8C3A00F0FA02 /* PageViewUITests */,
			);
		};
/* End PBXProject section */

/* Begin PBXResourcesBuildPhase section */
		6D0AD0BD1C7E8C3900F0FA02 /* Resources */ = {
			isa = PBXResourcesBuildPhase;
			buildActionMask = 2147483647;
			files = (
				6D0AD0D21C7E8C3900F0FA02 /* LaunchScreen.storyboard in Resources */,
				6D0AD0CF1C7E8C3900F0FA02 /* Assets.xcassets in Resources */,
				6D0AD0CD1C7E8C3900F0FA02 /* Main.storyboard in Resources */,
			);
			runOnlyForDeploymentPostprocessing = 0;
		};
		6D0AD0D61C7E8C3A00F0FA02 /* Resources */ = {
			isa = PBXResourcesBuildPhase;
			buildActionMask = 2147483647;
			files = (
			);
			runOnlyForDeploymentPostprocessing = 0;
		};
		6D0AD0E11C7E8C3A00F0FA02 /* Resources */ = {
			isa = PBXResourcesBuildPhase;
			buildActionMask = 2147483647;
			files = (
			);
			runOnlyForDeploymentPostprocessing = 0;
		};
/* End PBXResourcesBuildPhase section */

/* Begin PBXSourcesBuildPhase section */
		6D0AD0BB1C7E8C3900F0FA02 /* Sources */ = {
			isa = PBXSourcesBuildPhase;
			buildActionMask = 2147483647;
			files = (
				6D0AD0CA1C7E8C3900F0FA02 /* ViewController.m in Sources */,
				6D0AD0F71C7E8ECE00F0FA02 /* PageContentViewController.m in Sources */,
				6D0AD0C71C7E8C3900F0FA02 /* AppDelegate.m in Sources */,
				6D0AD0C41C7E8C3900F0FA02 /* main.m in Sources */,
			);
			runOnlyForDeploymentPostprocessing = 0;
		};
		6D0AD0D41C7E8C3A00F0FA02 /* Sources */ = {
			isa = PBXSourcesBuildPhase;
			buildActionMask = 2147483647;
			files = (
				6D0AD0DD1C7E8C3A00F0FA02 /* PageViewTests.m in Sources */,
			);
			runOnlyForDeploymentPostprocessing = 0;
		};
		6D0AD0DF1C7E8C3A00F0FA02 /* Sources */ = {
			isa = PBXSourcesBuildPhase;
			buildActionMask = 2147483647;
			files = (
				6D0AD0E81C7E8C3A00F0FA02 /* PageViewUITests.m in Sources */,
			);
			runOnlyForDeploymentPostprocessing = 0;
		};
/* End PBXSourcesBuildPhase section */

/* Begin PBXTargetDependency section */
		6D0AD0DA1C7E8C3A00F0FA02 /* PBXTargetDependency */ = {
			isa = PBXTargetDependency;
			target = 6D0AD0BE1C7E8C3900F0FA02 /* PageView */;
			targetProxy = 6D0AD0D91C7E8C3A00F0FA02 /* PBXContainerItemProxy */;
		};
		6D0AD0E51C7E8C3A00F0FA02 /* PBXTargetDependency */ = {
			isa = PBXTargetDependency;
			target = 6D0AD0BE1C7E8C3900F0FA02 /* PageView */;
			targetProxy = 6D0AD0E41C7E8C3A00F0FA02 /* PBXContainerItemProxy */;
		};
/* End PBXTargetDependency section */

/* Begin PBXVariantGroup section */
		6D0AD0CB1C7E8C3900F0FA02 /* Main.storyboard */ = {
			isa = PBXVariantGroup;
			children = (
				6D0AD0CC1C7E8C3900F0FA02 /* Base */,
			);
			name = Main.storyboard;
			sourceTree = "<group>";
		};
		6D0AD0D01C7E8C3900F0FA02 /* LaunchScreen.storyboard */ = {
			isa = PBXVariantGroup;
			children = (
				6D0AD0D11C7E8C3900F0FA02 /* Base */,
			);
			name = LaunchScreen.storyboard;
			sourceTree = "<group>";
		};
/* End PBXVariantGroup section */

/* Begin XCBuildConfiguration section */
		6D0AD0EA1C7E8C3A00F0FA02 /* Debug */ = {
			isa = XCBuildConfiguration;
			buildSettings = {
				ALWAYS_SEARCH_USER_PATHS = NO;
				CLANG_CXX_LANGUAGE_STANDARD = "gnu++0x";
				CLANG_CXX_LIBRARY = "libc++";
				CLANG_ENABLE_MODULES = YES;
				CLANG_ENABLE_OBJC_ARC = YES;
				CLANG_WARN_BOOL_CONVERSION = YES;
				CLANG_WARN_CONSTANT_CONVERSION = YES;
				CLANG_WARN_DIRECT_OBJC_ISA_USAGE = YES_ERROR;
				CLANG_WARN_EMPTY_BODY = YES;
				CLANG_WARN_ENUM_CONVERSION = YES;
				CLANG_WARN_INT_CONVERSION = YES;
				CLANG_WARN_OBJC_ROOT_CLASS = YES_ERROR;
				CLANG_WARN_UNREACHABLE_CODE = YES;
				CLANG_WARN__DUPLICATE_METHOD_MATCH = YES;
				"CODE_SIGN_IDENTITY[sdk=iphoneos*]" = "iPhone Developer";
				COPY_PHASE_STRIP = NO;
				DEBUG_INFORMATION_FORMAT = dwarf;
				ENABLE_STRICT_OBJC_MSGSEND = YES;
				ENABLE_TESTABILITY = YES;
				GCC_C_LANGUAGE_STANDARD = gnu99;
				GCC_DYNAMIC_NO_PIC = NO;
				GCC_NO_COMMON_BLOCKS = YES;
				GCC_OPTIMIZATION_LEVEL = 0;
				GCC_PREPROCESSOR_DEFINITIONS = (
					"DEBUG=1",
					"$(inherited)",
				);
				GCC_WARN_64_TO_32_BIT_CONVERSION = YES;
				GCC_WARN_ABOUT_RETURN_TYPE = YES_ERROR;
				GCC_WARN_UNDECLARED_SELECTOR = YES;
				GCC_WARN_UNINITIALIZED_AUTOS = YES_AGGRESSIVE;
				GCC_WARN_UNUSED_FUNCTION = YES;
				GCC_WARN_UNUSED_VARIABLE = YES;
				IPHONEOS_DEPLOYMENT_TARGET = 9.2;
				MTL_ENABLE_DEBUG_INFO = YES;
				ONLY_ACTIVE_ARCH = YES;
				SDKROOT = iphoneos;
			};
			name = Debug;
		};
		6D0AD0EB1C7E8C3A00F0FA02 /* Release */ = {
			isa = XCBuildConfiguration;
			buildSettings = {
				ALWAYS_SEARCH_USER_PATHS = NO;
				CLANG_CXX_LANGUAGE_STANDARD = "gnu++0x";
				CLANG_CXX_LIBRARY = "libc++";
				CLANG_ENABLE_MODULES = YES;
				CLANG_ENABLE_OBJC_ARC = YES;
				CLANG_WARN_BOOL_CONVERSION = YES;
				CLANG_WARN_CONSTANT_CONVERSION = YES;
				CLANG_WARN_DIRECT_OBJC_ISA_USAGE = YES_ERROR;
				CLANG_WARN_EMPTY_BODY = YES;
				CLANG_WARN_ENUM_CONVERSION = YES;
				CLANG_WARN_INT_CONVERSION = YES;
				CLANG_WARN_OBJC_ROOT_CLASS = YES_ERROR;
				CLANG_WARN_UNREACHABLE_CODE = YES;
				CLANG_WARN__DUPLICATE_METHOD_MATCH = YES;
				"CODE_SIGN_IDENTITY[sdk=iphoneos*]" = "iPhone Developer";
				COPY_PHASE_STRIP = NO;
				DEBUG_INFORMATION_FORMAT = "dwarf-with-dsym";
				ENABLE_NS_ASSERTIONS = NO;
				ENABLE_STRICT_OBJC_MSGSEND = YES;
				GCC_C_LANGUAGE_STANDARD = gnu99;
				GCC_NO_COMMON_BLOCKS = YES;
				GCC_WARN_64_TO_32_BIT_CONVERSION = YES;
				GCC_WARN_ABOUT_RETURN_TYPE = YES_ERROR;
				GCC_WARN_UNDECLARED_SELECTOR = YES;
				GCC_WARN_UNINITIALIZED_AUTOS = YES_AGGRESSIVE;
				GCC_WARN_UNUSED_FUNCTION = YES;
				GCC_WARN_UNUSED_VARIABLE = YES;
				IPHONEOS_DEPLOYMENT_TARGET = 9.2;
				MTL_ENABLE_DEBUG_INFO = NO;
				SDKROOT = iphoneos;
				VALIDATE_PRODUCT = YES;
			};
			name = Release;
		};
		6D0AD0ED1C7E8C3A00F0FA02 /* Debug */ = {
			isa = XCBuildConfiguration;
			buildSettings = {
				ASSETCATALOG_COMPILER_APPICON_NAME = AppIcon;
				INFOPLIST_FILE = PageView/Info.plist;
				LD_RUNPATH_SEARCH_PATHS = "$(inherited) @executable_path/Frameworks";
				PRODUCT_BUNDLE_IDENTIFIER = com.xiulanshi.PageView;
				PRODUCT_NAME = "$(TARGET_NAME)";
			};
			name = Debug;
		};
		6D0AD0EE1C7E8C3A00F0FA02 /* Release */ = {
			isa = XCBuildConfiguration;
			buildSettings = {
				ASSETCATALOG_COMPILER_APPICON_NAME = AppIcon;
				INFOPLIST_FILE = PageView/Info.plist;
				LD_RUNPATH_SEARCH_PATHS = "$(inherited) @executable_path/Frameworks";
				PRODUCT_BUNDLE_IDENTIFIER = com.xiulanshi.PageView;
				PRODUCT_NAME = "$(TARGET_NAME)";
			};
			name = Release;
		};
		6D0AD0F01C7E8C3A00F0FA02 /* Debug */ = {
			isa = XCBuildConfiguration;
			buildSettings = {
				BUNDLE_LOADER = "$(TEST_HOST)";
				INFOPLIST_FILE = PageViewTests/Info.plist;
				LD_RUNPATH_SEARCH_PATHS = "$(inherited) @executable_path/Frameworks @loader_path/Frameworks";
				PRODUCT_BUNDLE_IDENTIFIER = com.xiulanshi.PageViewTests;
				PRODUCT_NAME = "$(TARGET_NAME)";
				TEST_HOST = "$(BUILT_PRODUCTS_DIR)/PageView.app/PageView";
			};
			name = Debug;
		};
		6D0AD0F11C7E8C3A00F0FA02 /* Release */ = {
			isa = XCBuildConfiguration;
			buildSettings = {
				BUNDLE_LOADER = "$(TEST_HOST)";
				INFOPLIST_FILE = PageViewTests/Info.plist;
				LD_RUNPATH_SEARCH_PATHS = "$(inherited) @executable_path/Frameworks @loader_path/Frameworks";
				PRODUCT_BUNDLE_IDENTIFIER = com.xiulanshi.PageViewTests;
				PRODUCT_NAME = "$(TARGET_NAME)";
				TEST_HOST = "$(BUILT_PRODUCTS_DIR)/PageView.app/PageView";
			};
			name = Release;
		};
		6D0AD0F31C7E8C3A00F0FA02 /* Debug */ = {
			isa = XCBuildConfiguration;
			buildSettings = {
				INFOPLIST_FILE = PageViewUITests/Info.plist;
				LD_RUNPATH_SEARCH_PATHS = "$(inherited) @executable_path/Frameworks @loader_path/Frameworks";
				PRODUCT_BUNDLE_IDENTIFIER = com.xiulanshi.PageViewUITests;
				PRODUCT_NAME = "$(TARGET_NAME)";
				TEST_TARGET_NAME = PageView;
				USES_XCTRUNNER = YES;
			};
			name = Debug;
		};
		6D0AD0F41C7E8C3A00F0FA02 /* Release */ = {
			isa = XCBuildConfiguration;
			buildSettings = {
				INFOPLIST_FILE = PageViewUITests/Info.plist;
				LD_RUNPATH_SEARCH_PATHS = "$(inherited) @executable_path/Frameworks @loader_path/Frameworks";
				PRODUCT_BUNDLE_IDENTIFIER = com.xiulanshi.PageViewUITests;
				PRODUCT_NAME = "$(TARGET_NAME)";
				TEST_TARGET_NAME = PageView;
				USES_XCTRUNNER = YES;
			};
			name = Release;
		};
/* End XCBuildConfiguration section */

/* Begin XCConfigurationList section */
		6D0AD0BA1C7E8C3900F0FA02 /* Build configuration list for PBXProject "PageView" */ = {
			isa = XCConfigurationList;
			buildConfigurations = (
				6D0AD0EA1C7E8C3A00F0FA02 /* Debug */,
				6D0AD0EB1C7E8C3A00F0FA02 /* Release */,
			);
			defaultConfigurationIsVisible = 0;
			defaultConfigurationName = Release;
		};
		6D0AD0EC1C7E8C3A00F0FA02 /* Build configuration list for PBXNativeTarget "PageView" */ = {
			isa = XCConfigurationList;
			buildConfigurations = (
				6D0AD0ED1C7E8C3A00F0FA02 /* Debug */,
				6D0AD0EE1C7E8C3A00F0FA02 /* Release */,
			);
			defaultConfigurationIsVisible = 0;
		};
		6D0AD0EF1C7E8C3A00F0FA02 /* Build configuration list for PBXNativeTarget "PageViewTests" */ = {
			isa = XCConfigurationList;
			buildConfigurations = (
				6D0AD0F01C7E8C3A00F0FA02 /* Debug */,
				6D0AD0F11C7E8C3A00F0FA02 /* Release */,
			);
			defaultConfigurationIsVisible = 0;
		};
		6D0AD0F21C7E8C3A00F0FA02 /* Build configuration list for PBXNativeTarget "PageViewUITests" */ = {
			isa = XCConfigurationList;
			buildConfigurations = (
				6D0AD0F31C7E8C3A00F0FA02 /* Debug */,
				6D0AD0F41C7E8C3A00F0FA02 /* Release */,
			);
			defaultConfigurationIsVisible = 0;
		};
/* End XCConfigurationList section */
	};
	rootObject = 6D0AD0B71C7E8C3800F0FA02 /* Project object */;
}
